
Microsoft Visual Studio Solution File, Format Version 12.00
# Visual Studio 15
VisualStudioVersion = 15.0.27428.2015
MinimumVisualStudioVersion = 10.0.40219.1
Project("{FAE04EC0-301F-11D3-BF4B-00C04F79EFBC}") = "hikvisiondecrypter", "hikvisiondecrypter\hikvisiondecrypter.csproj", "{EE4369B5-9EB5-452C-B431-A58335580903}"
EndProject
Global
	GlobalSection(SolutionConfigurationPlatforms) = preSolution
		Debug|Any CPU = Debug|Any CPU
		Release|Any CPU = Release|Any CPU
	EndGlobalSection
	GlobalSection(ProjectConfigurationPlatforms) = postSolution
		{EE4369B5-9EB5-452C-B431-A58335580903}.Debug|Any CPU.ActiveCfg = Debug|Any CPU
		{EE4369B5-9EB5-452C-B431-A58335580903}.Debug|Any CPU.Build.0 = Debug|Any CPU
		{EE4369B5-9EB5-452C-B431-A58335580903}.Release|Any CPU.ActiveCfg = Release|Any CPU
		{EE4369B5-9EB5-452C-B431-A58335580903}.Release|Any CPU.Build.0 = Release|Any CPU
	EndGlobalSection
	GlobalSection(SolutionProperties) = preSolution
		HideSolutionNode = FALSE
	EndGlobalSection
	GlobalSection(ExtensibilityGlobals) = postSolution
		SolutionGuid = {50DD76F3-5111-4964-89C8-EF774D5A118A}
	EndGlobalSection
EndGlobal
